{
  "name": "example",
  "version": "1.0.0",
  "lockfileVersion": 3,
  "requires": true,
  "packages": {
    "": {
      "name": "example",
      "version": "1.0.0",
      "license": "ISC",
      "dependencies": {
        "xyo-sdk": "file:.."
      }
    },
    "..": {
      "name": "xyo-sdk",
      "version": "1.2.2",
      "license": "BSD-3-Clause",
      "dependencies": {
        "carbon-http": "^2.0.2"
      },
      "devDependencies": {
        "@eslint/js": "^9.34.0",
        "@types/node": "24.2.1",
        "eslint": "^9.34.0",
        "globals": "^16.3.0",
        "jiti": "^2.5.1",
        "prettier": "3.6.2",
        "tsx": "^4.20.5",
        "typescript": "^5.9.2",
        "typescript-eslint": "^8.41.0"
      },
      "engines": {
        "node": ">=22.0.0"
      }
    },
    "../dist": {
      "extraneous": true
    },
    "node_modules/xyo-sdk": {
      "resolved": "..",
      "link": true
    }
  }
}
